
Microsoft Visual Studio Solution File, Format Version 12.00
# Visual Studio Version 17
VisualStudioVersion = 17.5.33414.496
MinimumVisualStudioVersion = 10.0.40219.1
Project("{FAE04EC0-301F-11D3-BF4B-00C04F79EFBC}") = "ApplicationBluetoothKeyboard", "ApplicationBluetoothKeyboard\ApplicationBluetoothKeyboard.csproj", "{B3B430B4-B7F5-4D48-841F-C562007701CC}"
EndProject
Global
	GlobalSection(SolutionConfigurationPlatforms) = preSolution
		Debug|Any CPU = Debug|Any CPU
		Release|Any CPU = Release|Any CPU
	EndGlobalSection
	GlobalSection(ProjectConfigurationPlatforms) = postSolution
		{B3B430B4-B7F5-4D48-841F-C562007701CC}.Debug|Any CPU.ActiveCfg = Debug|Any CPU
		{B3B430B4-B7F5-4D48-841F-C562007701CC}.Debug|Any CPU.Build.0 = Debug|Any CPU
		{B3B430B4-B7F5-4D48-841F-C562007701CC}.Release|Any CPU.ActiveCfg = Release|Any CPU
		{B3B430B4-B7F5-4D48-841F-C562007701CC}.Release|Any CPU.Build.0 = Release|Any CPU
	EndGlobalSection
	GlobalSection(SolutionProperties) = preSolution
		HideSolutionNode = FALSE
	EndGlobalSection
	GlobalSection(ExtensibilityGlobals) = postSolution
		SolutionGuid = {E6CC7556-0424-4B92-A0BD-E9EC5A65BCF8}
	EndGlobalSection
EndGlobal
